
Microsoft Visual Studio Solution File, Format Version 12.00
# Visual Studio 15
Project("{FAE04EC0-301F-11D3-BF4B-00C04F79EFBC}") = "Assembly-CSharp", "Assembly-CSharp.csproj", "{D414FF80-2ACE-4D28-E0B5-B8EBAECFE32C}"
EndProject
Project("{FAE04EC0-301F-11D3-BF4B-00C04F79EFBC}") = "SteamVR", "SteamVR.csproj", "{B85589EF-522D-539A-CF95-F1667955161E}"
EndProject
Project("{FAE04EC0-301F-11D3-BF4B-00C04F79EFBC}") = "SteamVR_Actions", "SteamVR_Actions.csproj", "{5F8E15BF-F1DB-96D3-3712-8E1472519286}"
EndProject
Project("{FAE04EC0-301F-11D3-BF4B-00C04F79EFBC}") = "SteamVR_Editor", "SteamVR_Editor.csproj", "{30E94EC7-7C13-5E6C-DBE8-C0D50B01D474}"
EndProject
Project("{FAE04EC0-301F-11D3-BF4B-00C04F79EFBC}") = "Assembly-CSharp-Editor", "Assembly-CSharp-Editor.csproj", "{ADFF11AE-BD66-C33F-D403-9892058320E5}"
EndProject
Project("{FAE04EC0-301F-11D3-BF4B-00C04F79EFBC}") = "SteamVR_Input_Editor", "SteamVR_Input_Editor.csproj", "{30C33BFE-5A20-BA01-F5B2-04238C547F33}"
EndProject
Project("{FAE04EC0-301F-11D3-BF4B-00C04F79EFBC}") = "SteamVR_Windows_EditorHelper", "SteamVR_Windows_EditorHelper.csproj", "{59C433AF-1AAA-6101-756C-1F56B3B95089}"
EndProject
Global
	GlobalSection(SolutionConfigurationPlatforms) = preSolution
		Debug|Any CPU = Debug|Any CPU
		Release|Any CPU = Release|Any CPU
	EndGlobalSection
	GlobalSection(ProjectConfigurationPlatforms) = postSolution
		{D414FF80-2ACE-4D28-E0B5-B8EBAECFE32C}.Debug|Any CPU.ActiveCfg = Debug|Any CPU
		{D414FF80-2ACE-4D28-E0B5-B8EBAECFE32C}.Debug|Any CPU.Build.0 = Debug|Any CPU
		{D414FF80-2ACE-4D28-E0B5-B8EBAECFE32C}.Release|Any CPU.ActiveCfg = Release|Any CPU
		{D414FF80-2ACE-4D28-E0B5-B8EBAECFE32C}.Release|Any CPU.Build.0 = Release|Any CPU
		{B85589EF-522D-539A-CF95-F1667955161E}.Debug|Any CPU.ActiveCfg = Debug|Any CPU
		{B85589EF-522D-539A-CF95-F1667955161E}.Debug|Any CPU.Build.0 = Debug|Any CPU
		{B85589EF-522D-539A-CF95-F1667955161E}.Release|Any CPU.ActiveCfg = Release|Any CPU
		{B85589EF-522D-539A-CF95-F1667955161E}.Release|Any CPU.Build.0 = Release|Any CPU
		{5F8E15BF-F1DB-96D3-3712-8E1472519286}.Debug|Any CPU.ActiveCfg = Debug|Any CPU
		{5F8E15BF-F1DB-96D3-3712-8E1472519286}.Debug|Any CPU.Build.0 = Debug|Any CPU
		{5F8E15BF-F1DB-96D3-3712-8E1472519286}.Release|Any CPU.ActiveCfg = Release|Any CPU
		{5F8E15BF-F1DB-96D3-3712-8E1472519286}.Release|Any CPU.Build.0 = Release|Any CPU
		{30E94EC7-7C13-5E6C-DBE8-C0D50B01D474}.Debug|Any CPU.ActiveCfg = Debug|Any CPU
		{30E94EC7-7C13-5E6C-DBE8-C0D50B01D474}.Debug|Any CPU.Build.0 = Debug|Any CPU
		{30E94EC7-7C13-5E6C-DBE8-C0D50B01D474}.Release|Any CPU.ActiveCfg = Release|Any CPU
		{30E94EC7-7C13-5E6C-DBE8-C0D50B01D474}.Release|Any CPU.Build.0 = Release|Any CPU
		{ADFF11AE-BD66-C33F-D403-9892058320E5}.Debug|Any CPU.ActiveCfg = Debug|Any CPU
		{ADFF11AE-BD66-C33F-D403-9892058320E5}.Debug|Any CPU.Build.0 = Debug|Any CPU
		{ADFF11AE-BD66-C33F-D403-9892058320E5}.Release|Any CPU.ActiveCfg = Release|Any CPU
		{ADFF11AE-BD66-C33F-D403-9892058320E5}.Release|Any CPU.Build.0 = Release|Any CPU
		{30C33BFE-5A20-BA01-F5B2-04238C547F33}.Debug|Any CPU.ActiveCfg = Debug|Any CPU
		{30C33BFE-5A20-BA01-F5B2-04238C547F33}.Debug|Any CPU.Build.0 = Debug|Any CPU
		{30C33BFE-5A20-BA01-F5B2-04238C547F33}.Release|Any CPU.ActiveCfg = Release|Any CPU
		{30C33BFE-5A20-BA01-F5B2-04238C547F33}.Release|Any CPU.Build.0 = Release|Any CPU
		{59C433AF-1AAA-6101-756C-1F56B3B95089}.Debug|Any CPU.ActiveCfg = Debug|Any CPU
		{59C433AF-1AAA-6101-756C-1F56B3B95089}.Debug|Any CPU.Build.0 = Debug|Any CPU
		{59C433AF-1AAA-6101-756C-1F56B3B95089}.Release|Any CPU.ActiveCfg = Release|Any CPU
		{59C433AF-1AAA-6101-756C-1F56B3B95089}.Release|Any CPU.Build.0 = Release|Any CPU
	EndGlobalSection
	GlobalSection(SolutionProperties) = preSolution
		HideSolutionNode = FALSE
	EndGlobalSection
EndGlobal
