
Microsoft Visual Studio Solution File, Format Version 12.00
# Visual Studio 15
Project("{FAE04EC0-301F-11D3-BF4B-00C04F79EFBC}") = "Assembly-CSharp", "Assembly-CSharp.csproj", "{C0237100-12D8-BD43-FAD8-71186D5FCECA}"
EndProject
Project("{FAE04EC0-301F-11D3-BF4B-00C04F79EFBC}") = "SteamVR", "SteamVR.csproj", "{5E3C0C74-AB58-7757-6421-8B06DA635DEC}"
EndProject
Project("{FAE04EC0-301F-11D3-BF4B-00C04F79EFBC}") = "SteamVR_Actions", "SteamVR_Actions.csproj", "{520A8567-C630-2EA5-2F0B-73B6A816B2BB}"
EndProject
Project("{FAE04EC0-301F-11D3-BF4B-00C04F79EFBC}") = "SteamVR_Editor", "SteamVR_Editor.csproj", "{DDED9BF2-4FCA-32CE-3C3E-76CA68B6126C}"
EndProject
Project("{FAE04EC0-301F-11D3-BF4B-00C04F79EFBC}") = "Assembly-CSharp-Editor", "Assembly-CSharp-Editor.csproj", "{8E8C4148-8047-CD48-7651-461BE4DD7E07}"
EndProject
Project("{FAE04EC0-301F-11D3-BF4B-00C04F79EFBC}") = "SteamVR_Input_Editor", "SteamVR_Input_Editor.csproj", "{EBB5C046-919C-0542-2D7B-4017C7CEEE79}"
EndProject
Project("{FAE04EC0-301F-11D3-BF4B-00C04F79EFBC}") = "SteamVR_Windows_EditorHelper", "SteamVR_Windows_EditorHelper.csproj", "{7718BFEE-B71F-BF4F-630D-0405B42B34C3}"
EndProject
Global
	GlobalSection(SolutionConfigurationPlatforms) = preSolution
		Debug|Any CPU = Debug|Any CPU
		Release|Any CPU = Release|Any CPU
	EndGlobalSection
	GlobalSection(ProjectConfigurationPlatforms) = postSolution
		{C0237100-12D8-BD43-FAD8-71186D5FCECA}.Debug|Any CPU.ActiveCfg = Debug|Any CPU
		{C0237100-12D8-BD43-FAD8-71186D5FCECA}.Debug|Any CPU.Build.0 = Debug|Any CPU
		{C0237100-12D8-BD43-FAD8-71186D5FCECA}.Release|Any CPU.ActiveCfg = Release|Any CPU
		{C0237100-12D8-BD43-FAD8-71186D5FCECA}.Release|Any CPU.Build.0 = Release|Any CPU
		{5E3C0C74-AB58-7757-6421-8B06DA635DEC}.Debug|Any CPU.ActiveCfg = Debug|Any CPU
		{5E3C0C74-AB58-7757-6421-8B06DA635DEC}.Debug|Any CPU.Build.0 = Debug|Any CPU
		{5E3C0C74-AB58-7757-6421-8B06DA635DEC}.Release|Any CPU.ActiveCfg = Release|Any CPU
		{5E3C0C74-AB58-7757-6421-8B06DA635DEC}.Release|Any CPU.Build.0 = Release|Any CPU
		{520A8567-C630-2EA5-2F0B-73B6A816B2BB}.Debug|Any CPU.ActiveCfg = Debug|Any CPU
		{520A8567-C630-2EA5-2F0B-73B6A816B2BB}.Debug|Any CPU.Build.0 = Debug|Any CPU
		{520A8567-C630-2EA5-2F0B-73B6A816B2BB}.Release|Any CPU.ActiveCfg = Release|Any CPU
		{520A8567-C630-2EA5-2F0B-73B6A816B2BB}.Release|Any CPU.Build.0 = Release|Any CPU
		{DDED9BF2-4FCA-32CE-3C3E-76CA68B6126C}.Debug|Any CPU.ActiveCfg = Debug|Any CPU
		{DDED9BF2-4FCA-32CE-3C3E-76CA68B6126C}.Debug|Any CPU.Build.0 = Debug|Any CPU
		{DDED9BF2-4FCA-32CE-3C3E-76CA68B6126C}.Release|Any CPU.ActiveCfg = Release|Any CPU
		{DDED9BF2-4FCA-32CE-3C3E-76CA68B6126C}.Release|Any CPU.Build.0 = Release|Any CPU
		{8E8C4148-8047-CD48-7651-461BE4DD7E07}.Debug|Any CPU.ActiveCfg = Debug|Any CPU
		{8E8C4148-8047-CD48-7651-461BE4DD7E07}.Debug|Any CPU.Build.0 = Debug|Any CPU
		{8E8C4148-8047-CD48-7651-461BE4DD7E07}.Release|Any CPU.ActiveCfg = Release|Any CPU
		{8E8C4148-8047-CD48-7651-461BE4DD7E07}.Release|Any CPU.Build.0 = Release|Any CPU
		{EBB5C046-919C-0542-2D7B-4017C7CEEE79}.Debug|Any CPU.ActiveCfg = Debug|Any CPU
		{EBB5C046-919C-0542-2D7B-4017C7CEEE79}.Debug|Any CPU.Build.0 = Debug|Any CPU
		{EBB5C046-919C-0542-2D7B-4017C7CEEE79}.Release|Any CPU.ActiveCfg = Release|Any CPU
		{EBB5C046-919C-0542-2D7B-4017C7CEEE79}.Release|Any CPU.Build.0 = Release|Any CPU
		{7718BFEE-B71F-BF4F-630D-0405B42B34C3}.Debug|Any CPU.ActiveCfg = Debug|Any CPU
		{7718BFEE-B71F-BF4F-630D-0405B42B34C3}.Debug|Any CPU.Build.0 = Debug|Any CPU
		{7718BFEE-B71F-BF4F-630D-0405B42B34C3}.Release|Any CPU.ActiveCfg = Release|Any CPU
		{7718BFEE-B71F-BF4F-630D-0405B42B34C3}.Release|Any CPU.Build.0 = Release|Any CPU
	EndGlobalSection
	GlobalSection(SolutionProperties) = preSolution
		HideSolutionNode = FALSE
	EndGlobalSection
EndGlobal
