
Microsoft Visual Studio Solution File, Format Version 12.00
# Visual Studio 16
Project("{FAE04EC0-301F-11D3-BF4B-00C04F79EFBC}") = "SteamVR", "SteamVR.csproj", "{A8148F1C-4485-8694-F644-E3C1E8402BEB}"
EndProject
Project("{FAE04EC0-301F-11D3-BF4B-00C04F79EFBC}") = "Assembly-CSharp", "Assembly-CSharp.csproj", "{B794D691-3482-6417-374F-454D937E6F65}"
EndProject
Project("{FAE04EC0-301F-11D3-BF4B-00C04F79EFBC}") = "SteamVR_Actions", "SteamVR_Actions.csproj", "{52E20B2B-6824-408F-29FC-50133BDB52DC}"
EndProject
Project("{FAE04EC0-301F-11D3-BF4B-00C04F79EFBC}") = "SteamVR_Editor", "SteamVR_Editor.csproj", "{B48DBA03-D8D3-01CF-AB5B-6533BD4FB2E1}"
EndProject
Project("{FAE04EC0-301F-11D3-BF4B-00C04F79EFBC}") = "SteamVR_Input_Editor", "SteamVR_Input_Editor.csproj", "{39B9E512-C838-DA30-2438-89046650ABBF}"
EndProject
Project("{FAE04EC0-301F-11D3-BF4B-00C04F79EFBC}") = "Assembly-CSharp-Editor", "Assembly-CSharp-Editor.csproj", "{B5ED203B-F65F-7C72-734D-3E9B2F6BAF4C}"
EndProject
Project("{FAE04EC0-301F-11D3-BF4B-00C04F79EFBC}") = "SteamVR_Windows_EditorHelper", "SteamVR_Windows_EditorHelper.csproj", "{0283D0A8-58A6-5FC3-B00B-931470B97253}"
EndProject
Global
	GlobalSection(SolutionConfigurationPlatforms) = preSolution
		Debug|Any CPU = Debug|Any CPU
		Release|Any CPU = Release|Any CPU
	EndGlobalSection
	GlobalSection(ProjectConfigurationPlatforms) = postSolution
		{A8148F1C-4485-8694-F644-E3C1E8402BEB}.Debug|Any CPU.ActiveCfg = Debug|Any CPU
		{A8148F1C-4485-8694-F644-E3C1E8402BEB}.Debug|Any CPU.Build.0 = Debug|Any CPU
		{A8148F1C-4485-8694-F644-E3C1E8402BEB}.Release|Any CPU.ActiveCfg = Release|Any CPU
		{A8148F1C-4485-8694-F644-E3C1E8402BEB}.Release|Any CPU.Build.0 = Release|Any CPU
		{B794D691-3482-6417-374F-454D937E6F65}.Debug|Any CPU.ActiveCfg = Debug|Any CPU
		{B794D691-3482-6417-374F-454D937E6F65}.Debug|Any CPU.Build.0 = Debug|Any CPU
		{B794D691-3482-6417-374F-454D937E6F65}.Release|Any CPU.ActiveCfg = Release|Any CPU
		{B794D691-3482-6417-374F-454D937E6F65}.Release|Any CPU.Build.0 = Release|Any CPU
		{52E20B2B-6824-408F-29FC-50133BDB52DC}.Debug|Any CPU.ActiveCfg = Debug|Any CPU
		{52E20B2B-6824-408F-29FC-50133BDB52DC}.Debug|Any CPU.Build.0 = Debug|Any CPU
		{52E20B2B-6824-408F-29FC-50133BDB52DC}.Release|Any CPU.ActiveCfg = Release|Any CPU
		{52E20B2B-6824-408F-29FC-50133BDB52DC}.Release|Any CPU.Build.0 = Release|Any CPU
		{B48DBA03-D8D3-01CF-AB5B-6533BD4FB2E1}.Debug|Any CPU.ActiveCfg = Debug|Any CPU
		{B48DBA03-D8D3-01CF-AB5B-6533BD4FB2E1}.Debug|Any CPU.Build.0 = Debug|Any CPU
		{B48DBA03-D8D3-01CF-AB5B-6533BD4FB2E1}.Release|Any CPU.ActiveCfg = Release|Any CPU
		{B48DBA03-D8D3-01CF-AB5B-6533BD4FB2E1}.Release|Any CPU.Build.0 = Release|Any CPU
		{39B9E512-C838-DA30-2438-89046650ABBF}.Debug|Any CPU.ActiveCfg = Debug|Any CPU
		{39B9E512-C838-DA30-2438-89046650ABBF}.Debug|Any CPU.Build.0 = Debug|Any CPU
		{39B9E512-C838-DA30-2438-89046650ABBF}.Release|Any CPU.ActiveCfg = Release|Any CPU
		{39B9E512-C838-DA30-2438-89046650ABBF}.Release|Any CPU.Build.0 = Release|Any CPU
		{B5ED203B-F65F-7C72-734D-3E9B2F6BAF4C}.Debug|Any CPU.ActiveCfg = Debug|Any CPU
		{B5ED203B-F65F-7C72-734D-3E9B2F6BAF4C}.Debug|Any CPU.Build.0 = Debug|Any CPU
		{B5ED203B-F65F-7C72-734D-3E9B2F6BAF4C}.Release|Any CPU.ActiveCfg = Release|Any CPU
		{B5ED203B-F65F-7C72-734D-3E9B2F6BAF4C}.Release|Any CPU.Build.0 = Release|Any CPU
		{0283D0A8-58A6-5FC3-B00B-931470B97253}.Debug|Any CPU.ActiveCfg = Debug|Any CPU
		{0283D0A8-58A6-5FC3-B00B-931470B97253}.Debug|Any CPU.Build.0 = Debug|Any CPU
		{0283D0A8-58A6-5FC3-B00B-931470B97253}.Release|Any CPU.ActiveCfg = Release|Any CPU
		{0283D0A8-58A6-5FC3-B00B-931470B97253}.Release|Any CPU.Build.0 = Release|Any CPU
	EndGlobalSection
	GlobalSection(SolutionProperties) = preSolution
		HideSolutionNode = FALSE
	EndGlobalSection
EndGlobal
